<?xml version="1.0" encoding="utf-8"?>
<Project ToolsVersion="4.0" xmlns="http://schemas.microsoft.com/developer/msbuild/2003">
  <ItemGroup>
    <Filter Include="Assets">
      <UniqueIdentifier>{bc48f16e-3293-41e4-bd1b-30273549d532}</UniqueIdentifier>
    </Filter>
    <Filter Include="src">
      <UniqueIdentifier>{a1b2c3d4-e5f6-4789-0123-456789abcdef}</UniqueIdentifier>
    </Filter>
    <Filter Include="src\ui">
      <UniqueIdentifier>{b2c3d4e5-f6a7-5890-1234-567890abcdef}</UniqueIdentifier>
    </Filter>
    <Filter Include="src\core">
      <UniqueIdentifier>{c3d4e5f6-a7b8-6901-2345-678901abcdef}</UniqueIdentifier>
    </Filter>
  </ItemGroup>
  <ItemGroup>
    <ApplicationDefinition Include="src\ui\App.xaml">
      <Filter>src\ui</Filter>
    </ApplicationDefinition>
  </ItemGroup>
  <ItemGroup>
    <Page Include="src\ui\MainWindow.xaml">
      <Filter>src\ui</Filter>
    </Page>
    <Page Include="src\ui\CreativePageControl.xaml">
      <Filter>src\ui</Filter>
    </Page>
    <Page Include="src\ui\HomePageControl.xaml">
      <Filter>src\ui</Filter>
    </Page>
    <Page Include="src\ui\MusicPageControl.xaml">
      <Filter>src\ui</Filter>
    </Page>
    <Page Include="src\ui\ProductivityPageControl.xaml">
      <Filter>src\ui</Filter>
    </Page>
    <Page Include="src\ui\SettingsDiagnosticsPanel.xaml">
      <Filter>src\ui</Filter>
    </Page>
    <Page Include="src\ui\SettingsPageControl.xaml">
      <Filter>src\ui</Filter>
    </Page>
  </ItemGroup>
  <ItemGroup>
    <Midl Include="src\ui\MainWindow.idl">
      <Filter>src\ui</Filter>
    </Midl>
    <Midl Include="src\ui\CreativePageControl.idl">
      <Filter>src\ui</Filter>
    </Midl>
    <Midl Include="src\ui\HomePageControl.idl">
      <Filter>src\ui</Filter>
    </Midl>
    <Midl Include="src\ui\MusicPageControl.idl">
      <Filter>src\ui</Filter>
    </Midl>
    <Midl Include="src\ui\ProductivityPageControl.idl">
      <Filter>src\ui</Filter>
    </Midl>
    <Midl Include="src\ui\SettingsDiagnosticsPanel.idl">
      <Filter>src\ui</Filter>
    </Midl>
    <Midl Include="src\ui\SettingsPageControl.idl">
      <Filter>src\ui</Filter>
    </Midl>
  </ItemGroup>
  <ItemGroup>
    <ClCompile Include="src\core\BrowserNativeMessaging.cpp">
      <Filter>src\core</Filter>
    </ClCompile>
    <ClCompile Include="src\core\pch.cpp">
      <Filter>src\core</Filter>
    </ClCompile>
    <ClCompile Include="src\core\CreativeDetector.cpp">
      <Filter>src\core</Filter>
    </ClCompile>
    <ClCompile Include="src\core\CreativePresenceManager.cpp">
      <Filter>src\core</Filter>
    </ClCompile>
    <ClCompile Include="src\core\ProductiveDetector.cpp">
      <Filter>src\core</Filter>
    </ClCompile>
    <ClCompile Include="src\core\ProductivePresenceManager.cpp">
      <Filter>src\core</Filter>
    </ClCompile>
    <ClCompile Include="src\core\MediaDetector.cpp">
      <Filter>src\core</Filter>
    </ClCompile>
    <ClCompile Include="src\core\DiscordRPC.cpp">
      <Filter>src\core</Filter>
    </ClCompile>
    <ClCompile Include="$(GeneratedFilesDir)module.g.cpp" />
    <ClCompile Include="src\ui\App.xaml.cpp">
      <Filter>src\ui</Filter>
    </ClCompile>
    <ClCompile Include="src\ui\CreativePageControl.xaml.cpp">
      <Filter>src\ui</Filter>
    </ClCompile>
    <ClCompile Include="src\ui\HomePageControl.xaml.cpp">
      <Filter>src\ui</Filter>
    </ClCompile>
    <ClCompile Include="src\ui\MainWindow.Init.cpp">
      <Filter>src\ui</Filter>
    </ClCompile>
    <ClCompile Include="src\ui\MainWindow.xaml.cpp">
      <Filter>src\ui</Filter>
    </ClCompile>
    <ClCompile Include="src\ui\MusicPageControl.xaml.cpp">
      <Filter>src\ui</Filter>
    </ClCompile>
    <ClCompile Include="src\ui\ProductivityPageControl.xaml.cpp">
      <Filter>src\ui</Filter>
    </ClCompile>
    <ClCompile Include="src\ui\SettingsDiagnosticsPanel.xaml.cpp">
      <Filter>src\ui</Filter>
    </ClCompile>
    <ClCompile Include="src\ui\SettingsPageControl.xaml.cpp">
      <Filter>src\ui</Filter>
    </ClCompile>
    <ClCompile Include="src\core\PresenceManager.cpp">
      <Filter>src\core</Filter>
    </ClCompile>
    <ClCompile Include="src\core\SettingsStore.cpp">
      <Filter>src\core</Filter>
    </ClCompile>
    <ClCompile Include="src\core\StartupRegistration.cpp">
      <Filter>src\core</Filter>
    </ClCompile>
  </ItemGroup>
  <ItemGroup>
    <ClInclude Include="src\core\BrowserNativeMessaging.h">
      <Filter>src\core</Filter>
    </ClInclude>
    <ClInclude Include="src\core\ActivityPresenceHelpers.h">
      <Filter>src\core</Filter>
    </ClInclude>
    <ClInclude Include="src\core\AppEnums.h">
      <Filter>src\core</Filter>
    </ClInclude>
    <ClInclude Include="src\core\pch.h">
      <Filter>src\core</Filter>
    </ClInclude>
    <ClInclude Include="src\core\CreativeDetector.h">
      <Filter>src\core</Filter>
    </ClInclude>
    <ClInclude Include="src\core\CreativePresenceManager.h">
      <Filter>src\core</Filter>
    </ClInclude>
    <ClInclude Include="src\core\MediaDetector.h">
      <Filter>src\core</Filter>
    </ClInclude>
    <ClInclude Include="src\core\DiscordRPC.h">
      <Filter>src\core</Filter>
    </ClInclude>
    <ClInclude Include="src\ui\App.xaml.h">
      <Filter>src\ui</Filter>
    </ClInclude>
    <ClInclude Include="src\ui\AppPage.h">
      <Filter>src\ui</Filter>
    </ClInclude>
    <ClInclude Include="src\ui\CreativePageControl.xaml.h">
      <Filter>src\ui</Filter>
    </ClInclude>
    <ClInclude Include="src\ui\HomePageControl.xaml.h">
      <Filter>src\ui</Filter>
    </ClInclude>
    <ClInclude Include="src\ui\MainWindow.xaml.h">
      <Filter>src\ui</Filter>
    </ClInclude>
    <ClInclude Include="src\ui\MusicPageControl.xaml.h">
      <Filter>src\ui</Filter>
    </ClInclude>
    <ClInclude Include="src\ui\PageModels.h">
      <Filter>src\ui</Filter>
    </ClInclude>
    <ClInclude Include="src\ui\ProductivityPageControl.xaml.h">
      <Filter>src\ui</Filter>
    </ClInclude>
    <ClInclude Include="src\ui\SettingsDiagnosticsPanel.xaml.h">
      <Filter>src\ui</Filter>
    </ClInclude>
    <ClInclude Include="src\ui\SettingsPageControl.xaml.h">
      <Filter>src\ui</Filter>
    </ClInclude>
    <ClInclude Include="src\core\DiagnosticsLog.h">
      <Filter>src\core</Filter>
    </ClInclude>
    <ClInclude Include="src\core\ProductiveDetector.h">
      <Filter>src\core</Filter>
    </ClInclude>
    <ClInclude Include="src\core\ProductivePresenceManager.h">
      <Filter>src\core</Filter>
    </ClInclude>
    <ClInclude Include="src\core\PresenceManager.h">
      <Filter>src\core</Filter>
    </ClInclude>
    <ClInclude Include="src\core\SettingsModels.h">
      <Filter>src\core</Filter>
    </ClInclude>
    <ClInclude Include="src\core\SettingsStore.h">
      <Filter>src\core</Filter>
    </ClInclude>
    <ClInclude Include="src\core\StartupRegistration.h">
      <Filter>src\core</Filter>
    </ClInclude>
    <ClInclude Include="src\core\TextUtilities.h">
      <Filter>src\core</Filter>
    </ClInclude>
  </ItemGroup>
  <ItemGroup>
    <Image Include="Assets\Wide310x150Logo.scale-200.png">
      <Filter>Assets</Filter>
    </Image>
    <Image Include="Assets\StoreLogo.png">
      <Filter>Assets</Filter>
    </Image>
    <Image Include="Assets\Square150x150Logo.scale-200.png">
      <Filter>Assets</Filter>
    </Image>
    <Image Include="Assets\Square44x44Logo.targetsize-24_altform-unplated.png">
      <Filter>Assets</Filter>
    </Image>
    <Image Include="Assets\Square44x44Logo.scale-200.png">
      <Filter>Assets</Filter>
    </Image>
    <Image Include="Assets\SplashScreen.scale-200.png">
      <Filter>Assets</Filter>
    </Image>
    <Image Include="Assets\LockScreenLogo.scale-200.png">
      <Filter>Assets</Filter>
    </Image>
    <Image Include="Assets\logo.ico" />
  </ItemGroup>
  <ItemGroup>
    <Manifest Include="app.manifest" />
  </ItemGroup>
  <ItemGroup>
    <AppxManifest Include="Package.appxmanifest" />
  </ItemGroup>
  <ItemGroup>
    <None Include="packages.config" />
    <None Include="Last Rich Presence_TemporaryKey.pfx" />
  </ItemGroup>
  <ItemGroup>
    <Natvis Include="$(MSBuildThisFileDirectory)..\..\natvis\wil.natvis" />
    <Natvis Include="$(MSBuildThisFileDirectory)..\..\natvis\wil.natstepfilter" />
  </ItemGroup>
</Project>
